# This is a Gradle generated file for dependency locking.
# Manual edits can break the build and are not advised.
# This file is expected to be part of source control.
antlr:antlr:2.7.7
ch.qos.logback:logback-classic:1.2.3
ch.qos.logback:logback-core:1.2.3
com.fasterxml.jackson.core:jackson-annotations:2.11.4
com.fasterxml.jackson.core:jackson-core:2.11.4
com.fasterxml.jackson.core:jackson-databind:2.11.4
com.fasterxml:classmate:1.5.1
com.sun.istack:istack-commons-runtime:3.0.7
com.sun.xml.fastinfoset:FastInfoset:1.2.15
io.projectreactor:reactor-bom:Dysprosium-SR19
jakarta.validation:jakarta.validation-api:2.0.2
javax.activation:javax.activation-api:1.2.0
javax.persistence:javax.persistence-api:2.2
javax.servlet.jsp.jstl:javax.servlet.jsp.jstl-api:1.2.2
javax.servlet.jsp:javax.servlet.jsp-api:2.3.3
javax.servlet:javax.servlet-api:4.0.1
javax.validation:validation-api:2.0.1.Final
javax.xml.bind:jaxb-api:2.3.1
junit:junit:4.12
net.bytebuddy:byte-buddy-agent:1.10.15
net.bytebuddy:byte-buddy:1.10.21
nz.net.ultraq.thymeleaf:thymeleaf-layout-dialect:2.5.2
org.aspectj:aspectjweaver:1.9.6
org.assertj:assertj-core:3.17.2
org.attoparser:attoparser:2.0.5.RELEASE
org.codehaus.groovy:groovy:2.5.11
org.dom4j:dom4j:2.1.3
org.eclipse.persistence:javax.persistence:2.2.1
org.glassfish.jaxb:jaxb-runtime:2.3.1
org.glassfish.jaxb:txw2:2.3.1
org.hamcrest:hamcrest-core:1.3
org.hibernate.common:hibernate-commons-annotations:5.1.2.Final
org.hibernate.validator:hibernate-validator:6.1.7.Final
org.hibernate:hibernate-core:5.4.30.Final
org.hibernate:hibernate-entitymanager:5.4.30.Final
org.hibernate:hibernate-validator:6.1.7.Final
org.hsqldb:hsqldb:2.5.1
org.javassist:javassist:3.27.0-GA
org.jboss.logging:jboss-logging:3.4.1.Final
org.jboss.spec.javax.transaction:jboss-transaction-api_1.2_spec:1.1.1.Final
org.jboss:jandex:2.2.3.Final
org.jetbrains.kotlin:kotlin-bom:1.4.30
org.jetbrains.kotlin:kotlin-stdlib-common:1.4.30
org.jetbrains.kotlin:kotlin-stdlib-jdk7:1.4.30
org.jetbrains.kotlin:kotlin-stdlib-jdk8:1.4.30
org.jetbrains.kotlin:kotlin-stdlib:1.4.30
org.jetbrains:annotations:13.0
org.jvnet.staxex:stax-ex:1.8
org.mockito:mockito-core:3.5.15
org.objenesis:objenesis:3.1
org.slf4j:jcl-over-slf4j:1.7.30
org.slf4j:log4j-over-slf4j:1.7.30
org.slf4j:slf4j-api:1.7.30
org.springframework.data:spring-data-commons:2.3.8.RELEASE
org.springframework.data:spring-data-jpa:2.3.8.RELEASE
org.springframework.data:spring-data-releasetrain:Neumann-SR8
org.springframework:spring-aop:5.2.13.RELEASE
org.springframework:spring-aspects:5.2.13.RELEASE
org.springframework:spring-beans:5.2.13.RELEASE
org.springframework:spring-context:5.2.13.RELEASE
org.springframework:spring-core:5.2.13.RELEASE
org.springframework:spring-expression:5.2.13.RELEASE
org.springframework:spring-framework-bom:5.2.13.RELEASE
org.springframework:spring-instrument:5.2.13.RELEASE
org.springframework:spring-jcl:5.2.13.RELEASE
org.springframework:spring-jdbc:5.2.13.RELEASE
org.springframework:spring-orm:5.2.13.RELEASE
org.springframework:spring-test:5.2.13.RELEASE
org.springframework:spring-tx:5.2.13.RELEASE
org.springframework:spring-web:5.2.13.RELEASE
org.springframework:spring-webmvc:5.2.13.RELEASE
org.thymeleaf:thymeleaf-spring5:3.0.12.RELEASE
org.thymeleaf:thymeleaf:3.0.12.RELEASE
org.unbescape:unbescape:1.1.6.RELEASE
