# This is a Gradle generated file for dependency locking.
# Manual edits can break the build and are not advised.
# This file is expected to be part of source control.
ch.qos.logback:logback-classic:1.2.3
ch.qos.logback:logback-core:1.2.3
commons-cli:commons-cli:1.4
commons-io:commons-io:2.4
io.projectreactor:reactor-bom:2020.0.0
javax.servlet:servlet-api:2.5
org.codehaus.groovy:groovy-cli-commons:2.5.8
org.codehaus.groovy:groovy-json:2.5.8
org.codehaus.groovy:groovy:2.5.8
org.eclipse.jetty.orbit:com.sun.el:1.0.0.v201105211818
org.eclipse.jetty.orbit:javax.activation:1.1.0.v201105071233
org.eclipse.jetty.orbit:javax.el:2.1.0.v201105211819
org.eclipse.jetty.orbit:javax.mail.glassfish:1.4.1.v201005082020
org.eclipse.jetty.orbit:javax.servlet.jsp.jstl:1.2.0.v201105211821
org.eclipse.jetty.orbit:javax.servlet.jsp:2.1.0.v201105211820
org.eclipse.jetty.orbit:javax.transaction:1.1.1.v201105210645
org.eclipse.jetty.orbit:org.apache.jasper.glassfish:2.1.0.v201110031002
org.eclipse.jetty.orbit:org.apache.taglibs.standard.glassfish:1.2.0.v201112081803
org.eclipse.jetty.orbit:org.eclipse.jdt.core:3.7.1
org.eclipse.jetty:jetty-continuation:7.6.21.v20160908
org.eclipse.jetty:jetty-http:7.6.21.v20160908
org.eclipse.jetty:jetty-io:7.6.21.v20160908
org.eclipse.jetty:jetty-jndi:7.6.21.v20160908
org.eclipse.jetty:jetty-jsp:7.6.21.v20160908
org.eclipse.jetty:jetty-plus:7.6.21.v20160908
org.eclipse.jetty:jetty-security:7.6.21.v20160908
org.eclipse.jetty:jetty-server:7.6.21.v20160908
org.eclipse.jetty:jetty-servlet:7.6.21.v20160908
org.eclipse.jetty:jetty-util:7.6.21.v20160908
org.eclipse.jetty:jetty-webapp:7.6.21.v20160908
org.eclipse.jetty:jetty-xml:7.6.21.v20160908
org.gretty:gretty-runner-jetty7:3.0.1
org.gretty:gretty-runner-jetty:3.0.1
org.gretty:gretty-runner:3.0.1
org.jetbrains.kotlin:kotlin-bom:1.4.10
org.slf4j:slf4j-api:1.7.30
org.springframework.data:spring-data-releasetrain:Neumann-SR5
org.springframework:spring-framework-bom:5.3.0
