# This is a Gradle generated file for dependency locking.
# Manual edits can break the build and are not advised.
# This file is expected to be part of source control.
io.projectreactor:reactor-bom:Dysprosium-SR19
org.jetbrains.intellij.deps:trove4j:1.0.20181211
org.jetbrains.kotlin:kotlin-bom:1.4.30
org.jetbrains.kotlin:kotlin-compiler-embeddable:1.4.30
org.jetbrains.kotlin:kotlin-daemon-embeddable:1.4.30
org.jetbrains.kotlin:kotlin-reflect:1.4.30
org.jetbrains.kotlin:kotlin-script-runtime:1.4.30
org.jetbrains.kotlin:kotlin-stdlib-common:1.4.30
org.jetbrains.kotlin:kotlin-stdlib:1.4.30
org.jetbrains:annotations:13.0
org.springframework.data:spring-data-releasetrain:Neumann-SR8
org.springframework:spring-framework-bom:5.2.14.BUILD-SNAPSHOT
