# This is a Gradle generated file for dependency locking.
# Manual edits can break the build and are not advised.
# This file is expected to be part of source control.
io.projectreactor:reactor-bom:2020.0.3
javax.servlet:javax.servlet-api:4.0.1
org.aspectj:aspectjrt:1.9.6
org.jetbrains.kotlin:kotlin-bom:1.4.30
org.jetbrains.kotlin:kotlin-stdlib-common:1.4.30
org.jetbrains.kotlin:kotlin-stdlib-jdk7:1.4.30
org.jetbrains.kotlin:kotlin-stdlib-jdk8:1.4.30
org.jetbrains.kotlin:kotlin-stdlib:1.4.30
org.jetbrains:annotations:13.0
org.springframework.data:spring-data-releasetrain:Neumann-SR6
org.springframework:spring-aop:5.3.3
org.springframework:spring-beans:5.3.3
org.springframework:spring-context:5.3.3
org.springframework:spring-core:5.3.3
org.springframework:spring-expression:5.3.3
org.springframework:spring-framework-bom:5.3.3
org.springframework:spring-jcl:5.3.3
