# This is a Gradle generated file for dependency locking.
# Manual edits can break the build and are not advised.
# This file is expected to be part of source control.
io.projectreactor:reactor-bom:2020.0.4
org.jetbrains.kotlin:kotlin-bom:1.4.31
org.slf4j:slf4j-api:1.7.30
org.springframework.data:spring-data-releasetrain:Neumann-SR7
org.springframework.ldap:spring-ldap-core:2.3.3.RELEASE
org.springframework:spring-aop:5.3.4
org.springframework:spring-beans:5.3.4
org.springframework:spring-context:5.3.4
org.springframework:spring-core:5.3.4
org.springframework:spring-expression:5.3.4
org.springframework:spring-framework-bom:5.3.4
org.springframework:spring-jcl:5.3.4
org.springframework:spring-tx:5.3.4
