# This is a Gradle generated file for dependency locking.
# Manual edits can break the build and are not advised.
# This file is expected to be part of source control.
ch.qos.logback:logback-classic:1.2.3
ch.qos.logback:logback-core:1.2.3
io.projectreactor:reactor-bom:2020.0.3
javax.servlet:javax.servlet-api:4.0.1
org.aspectj:aspectjrt:1.9.6
org.aspectj:aspectjtools:1.9.6
org.aspectj:aspectjweaver:1.9.6
org.jasig.cas:cas-server-webapp:4.0.7
org.jetbrains.kotlin:kotlin-bom:1.4.30
org.slf4j:jcl-over-slf4j:1.7.30
org.slf4j:log4j-over-slf4j:1.7.30
org.slf4j:slf4j-api:1.7.30
org.springframework.data:spring-data-releasetrain:Neumann-SR6
org.springframework:spring-framework-bom:5.3.3
