# This is a Gradle generated file for dependency locking.
# Manual edits can break the build and are not advised.
# This file is expected to be part of source control.
io.projectreactor:reactor-bom:Dysprosium-SR11
org.jacoco:org.jacoco.agent:0.8.2
org.jacoco:org.jacoco.ant:0.8.2
org.jacoco:org.jacoco.core:0.8.2
org.jacoco:org.jacoco.report:0.8.2
org.jetbrains.kotlin:kotlin-bom:1.3.72
org.ow2.asm:asm-analysis:6.2.1
org.ow2.asm:asm-commons:6.2.1
org.ow2.asm:asm-tree:6.2.1
org.ow2.asm:asm:6.2.1
org.springframework.data:spring-data-releasetrain:Neumann-SR3
org.springframework:spring-framework-bom:5.2.8.RELEASE
