# This is a Gradle generated file for dependency locking.
# Manual edits can break the build and are not advised.
# This file is expected to be part of source control.
ch.qos.logback:logback-classic:1.2.3
ch.qos.logback:logback-core:1.2.3
commons-cli:commons-cli:1.4
commons-io:commons-io:2.4
io.projectreactor:reactor-bom:Dysprosium-SR17
javax.annotation:javax.annotation-api:1.2
javax.servlet:javax.servlet-api:3.1.0
javax.websocket:javax.websocket-api:1.0
org.codehaus.groovy:groovy-cli-commons:2.5.8
org.codehaus.groovy:groovy-json:2.5.8
org.codehaus.groovy:groovy:2.5.8
org.eclipse.jdt.core.compiler:ecj:4.4.2
org.eclipse.jetty.toolchain:jetty-schemas:3.1
org.eclipse.jetty.websocket:javax-websocket-client-impl:9.3.25.v20180904
org.eclipse.jetty.websocket:javax-websocket-server-impl:9.3.25.v20180904
org.eclipse.jetty.websocket:websocket-api:9.3.25.v20180904
org.eclipse.jetty.websocket:websocket-client:9.3.25.v20180904
org.eclipse.jetty.websocket:websocket-common:9.3.25.v20180904
org.eclipse.jetty.websocket:websocket-server:9.3.25.v20180904
org.eclipse.jetty.websocket:websocket-servlet:9.3.25.v20180904
org.eclipse.jetty:apache-jsp:9.3.25.v20180904
org.eclipse.jetty:jetty-annotations:9.3.25.v20180904
org.eclipse.jetty:jetty-http:9.3.25.v20180904
org.eclipse.jetty:jetty-io:9.3.25.v20180904
org.eclipse.jetty:jetty-jndi:9.3.25.v20180904
org.eclipse.jetty:jetty-plus:9.3.25.v20180904
org.eclipse.jetty:jetty-security:9.3.25.v20180904
org.eclipse.jetty:jetty-server:9.3.25.v20180904
org.eclipse.jetty:jetty-servlet:9.3.25.v20180904
org.eclipse.jetty:jetty-util:9.3.25.v20180904
org.eclipse.jetty:jetty-webapp:9.3.25.v20180904
org.eclipse.jetty:jetty-xml:9.3.25.v20180904
org.gretty:gretty-runner-jetty93:3.0.1
org.gretty:gretty-runner-jetty:3.0.1
org.gretty:gretty-runner:3.0.1
org.jetbrains.kotlin:kotlin-bom:1.4.30
org.mortbay.jasper:apache-el:8.0.33
org.mortbay.jasper:apache-jsp:8.0.33
org.ow2.asm:asm-analysis:7.2
org.ow2.asm:asm-commons:7.2
org.ow2.asm:asm-tree:7.2
org.ow2.asm:asm:7.2
org.slf4j:slf4j-api:1.7.30
org.springframework.data:spring-data-releasetrain:Neumann-SR7
org.springframework:spring-framework-bom:5.2.13.RELEASE
