# This is a Gradle generated file for dependency locking.
# Manual edits can break the build and are not advised.
# This file is expected to be part of source control.
io.projectreactor:reactor-bom:2020.0.4
javax.servlet:javax.servlet-api:4.0.1
org.hsqldb:hsqldb:2.5.1
org.jetbrains.kotlin:kotlin-bom:1.4.31
org.jetbrains.kotlin:kotlin-stdlib-common:1.4.31
org.jetbrains.kotlin:kotlin-stdlib-jdk7:1.4.31
org.jetbrains.kotlin:kotlin-stdlib-jdk8:1.4.31
org.jetbrains.kotlin:kotlin-stdlib:1.4.31
org.jetbrains:annotations:13.0
org.springframework.data:spring-data-releasetrain:Neumann-SR7
org.springframework:spring-aop:5.3.4
org.springframework:spring-beans:5.3.4
org.springframework:spring-context-support:5.3.4
org.springframework:spring-context:5.3.4
org.springframework:spring-core:5.3.4
org.springframework:spring-expression:5.3.4
org.springframework:spring-framework-bom:5.3.4
org.springframework:spring-jcl:5.3.4
org.springframework:spring-jdbc:5.3.4
org.springframework:spring-tx:5.3.4
