# This is a Gradle generated file for dependency locking.
# Manual edits can break the build and are not advised.
# This file is expected to be part of source control.
io.netty:netty-buffer:4.1.52.Final
io.netty:netty-common:4.1.52.Final
io.projectreactor:reactor-bom:2020.0.3
io.projectreactor:reactor-core:3.4.2
io.rsocket:rsocket-core:1.1.0
org.jetbrains.kotlin:kotlin-bom:1.4.30
org.reactivestreams:reactive-streams:1.0.3
org.springframework.data:spring-data-releasetrain:Neumann-SR6
org.springframework:spring-aop:5.3.3
org.springframework:spring-beans:5.3.3
org.springframework:spring-context:5.3.3
org.springframework:spring-core:5.3.3
org.springframework:spring-expression:5.3.3
org.springframework:spring-framework-bom:5.3.3
org.springframework:spring-jcl:5.3.3
