# This is a Gradle generated file for dependency locking.
# Manual edits can break the build and are not advised.
# This file is expected to be part of source control.
ch.qos.logback:logback-classic:1.2.3
ch.qos.logback:logback-core:1.2.3
io.projectreactor:reactor-bom:Dysprosium-SR14
javax.servlet.jsp.jstl:javax.servlet.jsp.jstl-api:1.2.2
javax.servlet.jsp:javax.servlet.jsp-api:2.3.3
javax.servlet:javax.servlet-api:4.0.1
org.apache.taglibs:taglibs-standard-impl:1.2.5
org.apache.taglibs:taglibs-standard-jstlel:1.2.5
org.apache.taglibs:taglibs-standard-spec:1.2.5
org.jetbrains.kotlin:kotlin-bom:1.4.20
org.jetbrains.kotlin:kotlin-stdlib-common:1.4.20
org.jetbrains.kotlin:kotlin-stdlib-jdk7:1.4.20
org.jetbrains.kotlin:kotlin-stdlib-jdk8:1.4.20
org.jetbrains.kotlin:kotlin-stdlib:1.4.20
org.jetbrains:annotations:13.0
org.slf4j:jcl-over-slf4j:1.7.30
org.slf4j:log4j-over-slf4j:1.7.30
org.slf4j:slf4j-api:1.7.30
org.springframework.data:spring-data-releasetrain:Neumann-SR5
org.springframework:spring-aop:5.2.11.RELEASE
org.springframework:spring-beans:5.2.11.RELEASE
org.springframework:spring-context:5.2.11.RELEASE
org.springframework:spring-core:5.2.11.RELEASE
org.springframework:spring-expression:5.2.11.RELEASE
org.springframework:spring-framework-bom:5.2.11.RELEASE
org.springframework:spring-jcl:5.2.11.RELEASE
org.springframework:spring-web:5.2.11.RELEASE
