# This is a Gradle generated file for dependency locking.
# Manual edits can break the build and are not advised.
# This file is expected to be part of source control.
com.fasterxml.jackson.core:jackson-annotations:2.12.1
com.fasterxml.jackson.core:jackson-core:2.12.1
com.fasterxml.jackson.core:jackson-databind:2.12.1
com.fasterxml.jackson:jackson-bom:2.12.1
io.projectreactor:reactor-bom:2020.0.3
net.sf.ehcache:ehcache:2.10.6
org.jetbrains.kotlin:kotlin-bom:1.4.30
org.slf4j:slf4j-api:1.7.30
org.springframework.data:spring-data-releasetrain:Neumann-SR6
org.springframework:spring-framework-bom:5.3.3
