# This is a Gradle generated file for dependency locking.
# Manual edits can break the build and are not advised.
# This file is expected to be part of source control.
com.fasterxml.jackson.core:jackson-annotations:2.11.4
com.fasterxml.jackson.core:jackson-core:2.11.4
com.fasterxml.jackson.core:jackson-databind:2.11.4
io.projectreactor:reactor-bom:Dysprosium-SR16
net.sf.ehcache:ehcache:2.10.6
org.jetbrains.kotlin:kotlin-bom:1.4.30
org.slf4j:slf4j-api:1.7.30
org.springframework.data:spring-data-releasetrain:Neumann-SR6
org.springframework:spring-framework-bom:5.2.12.RELEASE
