# This is a Gradle generated file for dependency locking.
# Manual edits can break the build and are not advised.
# This file is expected to be part of source control.
com.fasterxml.jackson.core:jackson-annotations:2.12.0-rc1
com.fasterxml.jackson.core:jackson-core:2.12.0-rc1
com.fasterxml.jackson.core:jackson-databind:2.12.0-rc1
com.fasterxml.jackson:jackson-bom:2.12.0-rc1
io.projectreactor:reactor-bom:2020.0.0
io.projectreactor:reactor-core:3.4.0
javax.annotation:jsr250-api:1.0
net.sf.ehcache:ehcache:2.10.6
org.aspectj:aspectjrt:1.9.6
org.jetbrains.kotlin:kotlin-bom:1.4.10
org.reactivestreams:reactive-streams:1.0.3
org.slf4j:slf4j-api:1.7.30
org.springframework.data:spring-data-releasetrain:Neumann-SR5
org.springframework:spring-beans:5.3.0
org.springframework:spring-core:5.3.0
org.springframework:spring-framework-bom:5.3.0
org.springframework:spring-jcl:5.3.0
org.springframework:spring-jdbc:5.3.0
org.springframework:spring-tx:5.3.0
