# This is a Gradle generated file for dependency locking.
# Manual edits can break the build and are not advised.
# This file is expected to be part of source control.
com.fasterxml.jackson.core:jackson-annotations:2.10.4
com.fasterxml.jackson.core:jackson-core:2.10.4
com.fasterxml.jackson.core:jackson-databind:2.10.4
com.google.code.findbugs:jsr305:1.3.9
com.google.errorprone:error_prone_annotations:2.1.3
com.google.guava:guava:25.0-jre
com.google.j2objc:j2objc-annotations:1.1
com.squareup.okhttp3:okhttp:3.14.9
com.squareup.okio:okio:1.17.2
commons-codec:commons-codec:1.14
commons-io:commons-io:2.6
commons-logging:commons-logging:1.2
commons-net:commons-net:3.6
io.projectreactor:reactor-bom:Dysprosium-SR7
javax.servlet:javax.servlet-api:4.0.1
junit:junit:4.12
net.bytebuddy:byte-buddy-agent:1.10.5
net.bytebuddy:byte-buddy:1.10.5
net.sourceforge.htmlunit:htmlunit-core-js:2.37.0
net.sourceforge.htmlunit:htmlunit-cssparser:1.5.0
net.sourceforge.htmlunit:htmlunit:2.37.0
net.sourceforge.htmlunit:neko-htmlunit:2.37.0
org.apache.commons:commons-exec:1.3
org.apache.commons:commons-lang3:3.9
org.apache.commons:commons-text:1.8
org.apache.httpcomponents:httpclient:4.5.12
org.apache.httpcomponents:httpcore:4.4.13
org.apache.httpcomponents:httpmime:4.5.11
org.assertj:assertj-core:3.15.0
org.bouncycastle:bcpkix-jdk15on:1.64
org.bouncycastle:bcprov-jdk15on:1.64
org.brotli:dec:0.1.2
org.checkerframework:checker-compat-qual:2.0.0
org.codehaus.mojo:animal-sniffer-annotations:1.14
org.eclipse.jetty.websocket:websocket-api:9.4.26.v20200117
org.eclipse.jetty.websocket:websocket-client:9.4.26.v20200117
org.eclipse.jetty.websocket:websocket-common:9.4.26.v20200117
org.eclipse.jetty:jetty-client:9.4.26.v20200117
org.eclipse.jetty:jetty-http:9.4.26.v20200117
org.eclipse.jetty:jetty-io:9.4.26.v20200117
org.eclipse.jetty:jetty-security:9.4.19.v20190610
org.eclipse.jetty:jetty-server:9.4.19.v20190610
org.eclipse.jetty:jetty-servlet:9.4.19.v20190610
org.eclipse.jetty:jetty-util:9.4.26.v20200117
org.eclipse.jetty:jetty-xml:9.4.26.v20200117
org.hamcrest:hamcrest-core:1.3
org.jasig.cas.client:cas-client-core:3.6.1
org.jetbrains.kotlin:kotlin-bom:1.3.72
org.mockito:mockito-core:3.3.3
org.objenesis:objenesis:2.6
org.seleniumhq.selenium:htmlunit-driver:2.37.0
org.seleniumhq.selenium:selenium-api:3.141.59
org.seleniumhq.selenium:selenium-remote-driver:3.141.59
org.seleniumhq.selenium:selenium-support:3.141.59
org.slf4j:jcl-over-slf4j:1.7.30
org.slf4j:slf4j-api:1.7.30
org.springframework.data:spring-data-releasetrain:Moore-SR7
org.springframework:spring-aop:5.2.6.RELEASE
org.springframework:spring-beans:5.2.6.RELEASE
org.springframework:spring-context:5.2.6.RELEASE
org.springframework:spring-core:5.2.6.RELEASE
org.springframework:spring-expression:5.2.6.RELEASE
org.springframework:spring-framework-bom:5.2.6.RELEASE
org.springframework:spring-jcl:5.2.6.RELEASE
org.springframework:spring-test:5.2.6.RELEASE
org.springframework:spring-web:5.2.6.RELEASE
xalan:serializer:2.7.2
xalan:xalan:2.7.2
xerces:xercesImpl:2.12.0
xml-apis:xml-apis:1.4.01
